
Microsoft Visual Studio Solution File, Format Version 12.00
# Visual Studio Version 17
VisualStudioVersion = 17.0.31903.59
MinimumVisualStudioVersion = 10.0.40219.1
Project("{FAE04EC0-301F-11D3-BF4B-00C04F79EFBC}") = "WebApi", "WebApi\WebApi.csproj", "{48928372-3B41-4889-AB6D-24A908A3FABA}"
EndProject
Project("{FAE04EC0-301F-11D3-BF4B-00C04F79EFBC}") = "TestProjectWebApi", "TestProjectWebApi\TestProjectWebApi.csproj", "{A6EB8562-F59C-461B-A9FA-A24D62D6281F}"
EndProject
Global
	GlobalSection(SolutionConfigurationPlatforms) = preSolution
		Debug|Any CPU = Debug|Any CPU
		Release|Any CPU = Release|Any CPU
	EndGlobalSection
	GlobalSection(ProjectConfigurationPlatforms) = postSolution
		{48928372-3B41-4889-AB6D-24A908A3FABA}.Debug|Any CPU.ActiveCfg = Debug|Any CPU
		{48928372-3B41-4889-AB6D-24A908A3FABA}.Debug|Any CPU.Build.0 = Debug|Any CPU
		{48928372-3B41-4889-AB6D-24A908A3FABA}.Release|Any CPU.ActiveCfg = Release|Any CPU
		{48928372-3B41-4889-AB6D-24A908A3FABA}.Release|Any CPU.Build.0 = Release|Any CPU
		{A6EB8562-F59C-461B-A9FA-A24D62D6281F}.Debug|Any CPU.ActiveCfg = Debug|Any CPU
		{A6EB8562-F59C-461B-A9FA-A24D62D6281F}.Debug|Any CPU.Build.0 = Debug|Any CPU
		{A6EB8562-F59C-461B-A9FA-A24D62D6281F}.Release|Any CPU.ActiveCfg = Release|Any CPU
		{A6EB8562-F59C-461B-A9FA-A24D62D6281F}.Release|Any CPU.Build.0 = Release|Any CPU
	EndGlobalSection
	GlobalSection(SolutionProperties) = preSolution
		HideSolutionNode = FALSE
	EndGlobalSection
EndGlobal
